
Microsoft Visual Studio Solution File, Format Version 12.00
# Visual Studio Version 17
VisualStudioVersion = 17.1.32210.238
MinimumVisualStudioVersion = 10.0.40219.1
Project("{9A19103F-16F7-4668-BE54-9A1E7A4F7556}") = "ClassCalendarMaker.Core", "ClassCalendarMaker.Core\ClassCalendarMaker.Core.csproj", "{1F0560CD-9F91-42CB-B4C5-1B53256D6DA0}"
EndProject
Project("{FAE04EC0-301F-11D3-BF4B-00C04F79EFBC}") = "ClassCalendarMaker.Cli", "ClassCalendarMaker.Cli\ClassCalendarMaker.Cli.csproj", "{9712D87B-4988-48F9-B6D7-D3CA16F2D01A}"
EndProject
Project("{FAE04EC0-301F-11D3-BF4B-00C04F79EFBC}") = "ClassCalendarMaker.Build", "ClassCalendarMaker.Build\ClassCalendarMaker.Build.csproj", "{F6F9065A-3490-4CA8-8EFD-53FAD426CF8E}"
EndProject
Global
	GlobalSection(SolutionConfigurationPlatforms) = preSolution
		Debug|Any CPU = Debug|Any CPU
		Release|Any CPU = Release|Any CPU
	EndGlobalSection
	GlobalSection(ProjectConfigurationPlatforms) = postSolution
		{1F0560CD-9F91-42CB-B4C5-1B53256D6DA0}.Debug|Any CPU.ActiveCfg = Debug|Any CPU
		{1F0560CD-9F91-42CB-B4C5-1B53256D6DA0}.Debug|Any CPU.Build.0 = Debug|Any CPU
		{1F0560CD-9F91-42CB-B4C5-1B53256D6DA0}.Release|Any CPU.ActiveCfg = Release|Any CPU
		{1F0560CD-9F91-42CB-B4C5-1B53256D6DA0}.Release|Any CPU.Build.0 = Release|Any CPU
		{9712D87B-4988-48F9-B6D7-D3CA16F2D01A}.Debug|Any CPU.ActiveCfg = Debug|Any CPU
		{9712D87B-4988-48F9-B6D7-D3CA16F2D01A}.Debug|Any CPU.Build.0 = Debug|Any CPU
		{9712D87B-4988-48F9-B6D7-D3CA16F2D01A}.Release|Any CPU.ActiveCfg = Release|Any CPU
		{9712D87B-4988-48F9-B6D7-D3CA16F2D01A}.Release|Any CPU.Build.0 = Release|Any CPU
		{F6F9065A-3490-4CA8-8EFD-53FAD426CF8E}.Debug|Any CPU.ActiveCfg = Debug|Any CPU
		{F6F9065A-3490-4CA8-8EFD-53FAD426CF8E}.Debug|Any CPU.Build.0 = Debug|Any CPU
		{F6F9065A-3490-4CA8-8EFD-53FAD426CF8E}.Release|Any CPU.ActiveCfg = Release|Any CPU
		{F6F9065A-3490-4CA8-8EFD-53FAD426CF8E}.Release|Any CPU.Build.0 = Release|Any CPU
	EndGlobalSection
	GlobalSection(SolutionProperties) = preSolution
		HideSolutionNode = FALSE
	EndGlobalSection
	GlobalSection(ExtensibilityGlobals) = postSolution
		SolutionGuid = {0C413283-BE04-4885-AE2F-8D1AEF6E4D16}
	EndGlobalSection
EndGlobal
